
Microsoft Visual Studio Solution File, Format Version 12.00
# Visual Studio Version 17
VisualStudioVersion = 17.2.32526.322
MinimumVisualStudioVersion = 10.0.40219.1
Project("{FAE04EC0-301F-11D3-BF4B-00C04F79EFBC}") = "UniversityOB.API", "UniversityOB.API\UniversityOB.API.csproj", "{9FE666BC-97C6-49DB-9FC6-25D30BF0D12E}"
EndProject
Global
	GlobalSection(SolutionConfigurationPlatforms) = preSolution
		Debug|Any CPU = Debug|Any CPU
		Release|Any CPU = Release|Any CPU
	EndGlobalSection
	GlobalSection(ProjectConfigurationPlatforms) = postSolution
		{9FE666BC-97C6-49DB-9FC6-25D30BF0D12E}.Debug|Any CPU.ActiveCfg = Debug|Any CPU
		{9FE666BC-97C6-49DB-9FC6-25D30BF0D12E}.Debug|Any CPU.Build.0 = Debug|Any CPU
		{9FE666BC-97C6-49DB-9FC6-25D30BF0D12E}.Release|Any CPU.ActiveCfg = Release|Any CPU
		{9FE666BC-97C6-49DB-9FC6-25D30BF0D12E}.Release|Any CPU.Build.0 = Release|Any CPU
	EndGlobalSection
	GlobalSection(SolutionProperties) = preSolution
		HideSolutionNode = FALSE
	EndGlobalSection
	GlobalSection(ExtensibilityGlobals) = postSolution
		SolutionGuid = {B8F9F10B-24C6-45C4-B951-E3C0BB613E4B}
	EndGlobalSection
EndGlobal
